
Microsoft Visual Studio Solution File, Format Version 12.00
# Visual Studio Version 16
VisualStudioVersion = 16.0.30517.126
MinimumVisualStudioVersion = 10.0.40219.1
Project("{9A19103F-16F7-4668-BE54-9A1E7A4F7556}") = "Gifter", "Gifter\Gifter.csproj", "{E4635283-E659-4CED-B21B-49491502FDB6}"
EndProject
Project("{FAE04EC0-301F-11D3-BF4B-00C04F79EFBC}") = "Gifter.Tests", "Gifter.Tests\Gifter.Tests.csproj", "{B454761E-69E9-4009-8D29-C396C9CBB41B}"
EndProject
Global
	GlobalSection(SolutionConfigurationPlatforms) = preSolution
		Debug|Any CPU = Debug|Any CPU
		Release|Any CPU = Release|Any CPU
	EndGlobalSection
	GlobalSection(ProjectConfigurationPlatforms) = postSolution
		{E4635283-E659-4CED-B21B-49491502FDB6}.Debug|Any CPU.ActiveCfg = Debug|Any CPU
		{E4635283-E659-4CED-B21B-49491502FDB6}.Debug|Any CPU.Build.0 = Debug|Any CPU
		{E4635283-E659-4CED-B21B-49491502FDB6}.Release|Any CPU.ActiveCfg = Release|Any CPU
		{E4635283-E659-4CED-B21B-49491502FDB6}.Release|Any CPU.Build.0 = Release|Any CPU
		{B454761E-69E9-4009-8D29-C396C9CBB41B}.Debug|Any CPU.ActiveCfg = Debug|Any CPU
		{B454761E-69E9-4009-8D29-C396C9CBB41B}.Debug|Any CPU.Build.0 = Debug|Any CPU
		{B454761E-69E9-4009-8D29-C396C9CBB41B}.Release|Any CPU.ActiveCfg = Release|Any CPU
		{B454761E-69E9-4009-8D29-C396C9CBB41B}.Release|Any CPU.Build.0 = Release|Any CPU
	EndGlobalSection
	GlobalSection(SolutionProperties) = preSolution
		HideSolutionNode = FALSE
	EndGlobalSection
	GlobalSection(ExtensibilityGlobals) = postSolution
		SolutionGuid = {4E6E8B7E-FB0C-47EC-9DC0-7868CB95B44C}
	EndGlobalSection
EndGlobal
